
Microsoft Visual Studio Solution File, Format Version 12.00
# Visual Studio Version 16
VisualStudioVersion = 16.0.30717.126
MinimumVisualStudioVersion = 10.0.40219.1
Project("{FAE04EC0-301F-11D3-BF4B-00C04F79EFBC}") = "The-Most-Expensive-Metal", "The-Most-Expensive-Metal.csproj", "{013BA0A3-9E58-422A-8474-9226E979619E}"
EndProject
Global
	GlobalSection(SolutionConfigurationPlatforms) = preSolution
		Debug|Any CPU = Debug|Any CPU
		Release|Any CPU = Release|Any CPU
	EndGlobalSection
	GlobalSection(ProjectConfigurationPlatforms) = postSolution
		{013BA0A3-9E58-422A-8474-9226E979619E}.Debug|Any CPU.ActiveCfg = Debug|Any CPU
		{013BA0A3-9E58-422A-8474-9226E979619E}.Debug|Any CPU.Build.0 = Debug|Any CPU
		{013BA0A3-9E58-422A-8474-9226E979619E}.Release|Any CPU.ActiveCfg = Release|Any CPU
		{013BA0A3-9E58-422A-8474-9226E979619E}.Release|Any CPU.Build.0 = Release|Any CPU
	EndGlobalSection
	GlobalSection(SolutionProperties) = preSolution
		HideSolutionNode = FALSE
	EndGlobalSection
	GlobalSection(ExtensibilityGlobals) = postSolution
		SolutionGuid = {482F16DA-B21E-4040-9EE7-897DDDD4FDB4}
	EndGlobalSection
EndGlobal
